[["version","2"]]
["","git-latest",["https://github.com/sagikazarmark/daggerverse-beta"],"refs/heads/main",[["tagPrefix","dagger-gha"]]]
["","git-latest",["https://github.com/sagikazarmark/daggerverse-beta"],"refs/heads/main",[["tagPrefix","rust"]]]
["","git-sha",["https://github.com/rustsec/advisory-db.git","HEAD"],"a7bfe16948bf6f3ee25bdee4822209f87da21b80"]
["","git-sha",["https://github.com/sagikazarmark/daggerverse-beta","refs/heads/main"],"11752bb0307f74b42d274ce5040b6a9963f567f2"]
["","oci-sha",["docker.io/library/rust:1.98-slim-trixie"],"sha256:fb4b2f1dc68c06f46618948b09d0ade147e6d2b11a6581e599b0c808d5b8a167"]